
Microsoft Visual Studio Solution File, Format Version 12.00
# Visual Studio Version 16
VisualStudioVersion = 16.0.31702.278
MinimumVisualStudioVersion = 10.0.40219.1
Project("{2150E333-8FDC-42A3-9474-1A3956D46DE8}") = "bin", "bin", "{6E183464-FF30-4289-9090-B21FAF5697DD}"
EndProject
Project("{2150E333-8FDC-42A3-9474-1A3956D46DE8}") = "CalculatorLib", "CalculatorLib", "{6E3459AD-41F8-4ED9-B3F0-35E6615BE1A9}"
EndProject
Project("{2150E333-8FDC-42A3-9474-1A3956D46DE8}") = "Test", "Test", "{2AE28048-B304-4C27-982D-C513D6498CAD}"
EndProject
Project("{2150E333-8FDC-42A3-9474-1A3956D46DE8}") = "shared", "shared", "{66FB1651-367C-4EA6-8683-2D66C9406C65}"
EndProject
Project("{2150E333-8FDC-42A3-9474-1A3956D46DE8}") = "lib", "lib", "{5D787B39-99FB-4E75-B7C6-639DA76F460A}"
EndProject
Project("{2150E333-8FDC-42A3-9474-1A3956D46DE8}") = "include", "include", "{CB9DF109-C2C5-4811-83D4-09E02999AE5E}"
EndProject
Project("{2150E333-8FDC-42A3-9474-1A3956D46DE8}") = "gen", "gen", "{82B206A6-586C-4097-9DA0-5FC4D5883F32}"
EndProject
Project("{2150E333-8FDC-42A3-9474-1A3956D46DE8}") = "gen64", "gen64", "{8F32F511-1C89-4549-A533-9EFCAE05D031}"
EndProject
Project("{8BC9CEB8-8B4A-11D0-8D11-00A0C91BC942}") = "CalculatorLib", "CalculatorLib\CalculatorLib.vcxproj", "{973D803C-11C6-4568-8118-DA1D7D32392B}"
EndProject
Project("{8BC9CEB8-8B4A-11D0-8D11-00A0C91BC942}") = "CalculatorTest", "CalculatorTest\CalculatorTest.vcxproj", "{217F8E09-01F4-4593-A82C-044A33E5E67B}"
EndProject
Project("{8BC9CEB8-8B4A-11D0-8D11-00A0C91BC942}") = "CalculatorClient", "CalculatorClient\CalculatorClient.vcxproj", "{A7566D01-09C4-4123-A0A8-ECE735302946}"
EndProject
Global
	GlobalSection(SolutionConfigurationPlatforms) = preSolution
		Debug|x64 = Debug|x64
		Debug|x86 = Debug|x86
		Release|x64 = Release|x64
		Release|x86 = Release|x86
	EndGlobalSection
	GlobalSection(ProjectConfigurationPlatforms) = postSolution
		{973D803C-11C6-4568-8118-DA1D7D32392B}.Debug|x64.ActiveCfg = Debug|x64
		{973D803C-11C6-4568-8118-DA1D7D32392B}.Debug|x64.Build.0 = Debug|x64
		{973D803C-11C6-4568-8118-DA1D7D32392B}.Debug|x86.ActiveCfg = Debug|Win32
		{973D803C-11C6-4568-8118-DA1D7D32392B}.Debug|x86.Build.0 = Debug|Win32
		{973D803C-11C6-4568-8118-DA1D7D32392B}.Release|x64.ActiveCfg = Release|x64
		{973D803C-11C6-4568-8118-DA1D7D32392B}.Release|x64.Build.0 = Release|x64
		{973D803C-11C6-4568-8118-DA1D7D32392B}.Release|x86.ActiveCfg = Release|Win32
		{973D803C-11C6-4568-8118-DA1D7D32392B}.Release|x86.Build.0 = Release|Win32
		{217F8E09-01F4-4593-A82C-044A33E5E67B}.Debug|x64.ActiveCfg = Debug|x64
		{217F8E09-01F4-4593-A82C-044A33E5E67B}.Debug|x64.Build.0 = Debug|x64
		{217F8E09-01F4-4593-A82C-044A33E5E67B}.Debug|x86.ActiveCfg = Debug|Win32
		{217F8E09-01F4-4593-A82C-044A33E5E67B}.Debug|x86.Build.0 = Debug|Win32
		{217F8E09-01F4-4593-A82C-044A33E5E67B}.Release|x64.ActiveCfg = Release|x64
		{217F8E09-01F4-4593-A82C-044A33E5E67B}.Release|x64.Build.0 = Release|x64
		{217F8E09-01F4-4593-A82C-044A33E5E67B}.Release|x86.ActiveCfg = Release|Win32
		{217F8E09-01F4-4593-A82C-044A33E5E67B}.Release|x86.Build.0 = Release|Win32
		{A7566D01-09C4-4123-A0A8-ECE735302946}.Debug|x64.ActiveCfg = Debug|x64
		{A7566D01-09C4-4123-A0A8-ECE735302946}.Debug|x64.Build.0 = Debug|x64
		{A7566D01-09C4-4123-A0A8-ECE735302946}.Debug|x86.ActiveCfg = Debug|Win32
		{A7566D01-09C4-4123-A0A8-ECE735302946}.Debug|x86.Build.0 = Debug|Win32
		{A7566D01-09C4-4123-A0A8-ECE735302946}.Release|x64.ActiveCfg = Release|x64
		{A7566D01-09C4-4123-A0A8-ECE735302946}.Release|x64.Build.0 = Release|x64
		{A7566D01-09C4-4123-A0A8-ECE735302946}.Release|x86.ActiveCfg = Release|Win32
		{A7566D01-09C4-4123-A0A8-ECE735302946}.Release|x86.Build.0 = Release|Win32
	EndGlobalSection
	GlobalSection(SolutionProperties) = preSolution
		HideSolutionNode = FALSE
	EndGlobalSection
	GlobalSection(NestedProjects) = preSolution
		{2AE28048-B304-4C27-982D-C513D6498CAD} = {6E3459AD-41F8-4ED9-B3F0-35E6615BE1A9}
		{5D787B39-99FB-4E75-B7C6-639DA76F460A} = {66FB1651-367C-4EA6-8683-2D66C9406C65}
		{CB9DF109-C2C5-4811-83D4-09E02999AE5E} = {66FB1651-367C-4EA6-8683-2D66C9406C65}
		{82B206A6-586C-4097-9DA0-5FC4D5883F32} = {CB9DF109-C2C5-4811-83D4-09E02999AE5E}
		{8F32F511-1C89-4549-A533-9EFCAE05D031} = {CB9DF109-C2C5-4811-83D4-09E02999AE5E}
		{973D803C-11C6-4568-8118-DA1D7D32392B} = {6E3459AD-41F8-4ED9-B3F0-35E6615BE1A9}
		{217F8E09-01F4-4593-A82C-044A33E5E67B} = {2AE28048-B304-4C27-982D-C513D6498CAD}
		{A7566D01-09C4-4123-A0A8-ECE735302946} = {6E3459AD-41F8-4ED9-B3F0-35E6615BE1A9}
	EndGlobalSection
	GlobalSection(ExtensibilityGlobals) = postSolution
		SolutionGuid = {C6AD596D-D574-4A8D-83D7-0FBFFB5A95A5}
	EndGlobalSection
EndGlobal
